
Microsoft Visual Studio Solution File, Format Version 12.00
Project("{FAE04EC0-301F-11D3-BF4B-00C04F79EFBC}") = "azs-util", "azs-util\azs-util.csproj", "{2646F5BE-132B-4E75-A0E8-20498B3E8851}"
EndProject
Global
	GlobalSection(SolutionConfigurationPlatforms) = preSolution
		Debug|Any CPU = Debug|Any CPU
		Release|Any CPU = Release|Any CPU
	EndGlobalSection
	GlobalSection(ProjectConfigurationPlatforms) = postSolution
		{2646F5BE-132B-4E75-A0E8-20498B3E8851}.Debug|Any CPU.ActiveCfg = Debug|Any CPU
		{2646F5BE-132B-4E75-A0E8-20498B3E8851}.Debug|Any CPU.Build.0 = Debug|Any CPU
		{2646F5BE-132B-4E75-A0E8-20498B3E8851}.Release|Any CPU.ActiveCfg = Release|Any CPU
		{2646F5BE-132B-4E75-A0E8-20498B3E8851}.Release|Any CPU.Build.0 = Release|Any CPU
	EndGlobalSection
EndGlobal
